// !$*UTF8*$!
{
	archiveVersion = 1;
	classes = {
	};
	objectVersion = 46;
	objects = {

/* Begin PBXBuildFile section */
		065C8CBC1AE07E2A00B33F24 /* main.m in Sources */ = {isa = PBXBuildFile; fileRef = 065C8CBB1AE07E2A00B33F24 /* main.m */; };
		065C8CBF1AE07E2A00B33F24 /* AppDelegate.m in Sources */ = {isa = PBXBuildFile; fileRef = 065C8CBE1AE07E2A00B33F24 /* AppDelegate.m */; };
		065C8CC21AE07E2A00B33F24 /* ViewController.m in Sources */ = {isa = PBXBuildFile; fileRef = 065C8CC11AE07E2A00B33F24 /* ViewController.m */; };
		065C8CC51AE07E2A00B33F24 /* Main.storyboard in Resources */ = {isa = PBXBuildFile; fileRef = 065C8CC31AE07E2A00B33F24 /* Main.storyboard */; };
		065C8CC71AE07E2A00B33F24 /* Images.xcassets in Resources */ = {isa = PBXBuildFile; fileRef = 065C8CC61AE07E2A00B33F24 /* Images.xcassets */; };
		065C8CCA1AE07E2A00B33F24 /* LaunchScreen.xib in Resources */ = {isa = PBXBuildFile; fileRef = 065C8CC81AE07E2A00B33F24 /* LaunchScreen.xib */; };
		065C8CD61AE07E2A00B33F24 /* Game_Of_LifeTests.m in Sources */ = {isa = PBXBuildFile; fileRef = 065C8CD51AE07E2A00B33F24 /* Game_Of_LifeTests.m */; };
/* End PBXBuildFile section */

/* Begin PBXContainerItemProxy section */
		065C8CD01AE07E2A00B33F24 /* PBXContainerItemProxy */ = {
			isa = PBXContainerItemProxy;
			containerPortal = 065C8CAE1AE07E2A00B33F24 /* Project object */;
			proxyType = 1;
			remoteGlobalIDString = 065C8CB51AE07E2A00B33F24;
			remoteInfo = "Game-Of-Life";
		};
/* End PBXContainerItemProxy section */

/* Begin PBXFileReference section */
		065C8CB61AE07E2A00B33F24 /* Game-Of-Life.app */ = {isa = PBXFileReference; explicitFileType = wrapper.application; includeInIndex = 0; path = "Game-Of-Life.app"; sourceTree = BUILT_PRODUCTS_DIR; };
		065C8CBA1AE07E2A00B33F24 /* Info.plist */ = {isa = PBXFileReference; lastKnownFileType = text.plist.xml; path = Info.plist; sourceTree = "<group>"; };
		065C8CBB1AE07E2A00B33F24 /* main.m */ = {isa = PBXFileReference; lastKnownFileType = sourcecode.c.objc; path = main.m; sourceTree = "<group>"; };
		065C8CBD1AE07E2A00B33F24 /* AppDelegate.h */ = {isa = PBXFileReference; lastKnownFileType = sourcecode.c.h; path = AppDelegate.h; sourceTree = "<group>"; };
		065C8CBE1AE07E2A00B33F24 /* AppDelegate.m */ = {isa = PBXFileReference; lastKnownFileType = sourcecode.c.objc; path = AppDelegate.m; sourceTree = "<group>"; };
		065C8CC01AE07E2A00B33F24 /* ViewController.h */ = {isa = PBXFileReference; lastKnownFileType = sourcecode.c.h; path = ViewController.h; sourceTree = "<group>"; };
		065C8CC11AE07E2A00B33F24 /* ViewController.m */ = {isa = PBXFileReference; lastKnownFileType = sourcecode.c.objc; path = ViewController.m; sourceTree = "<group>"; };
		065C8CC41AE07E2A00B33F24 /* Base */ = {isa = PBXFileReference; lastKnownFileType = file.storyboard; name = Base; path = Base.lproj/Main.storyboard; sourceTree = "<group>"; };
		065C8CC61AE07E2A00B33F24 /* Images.xcassets */ = {isa = PBXFileReference; lastKnownFileType = folder.assetcatalog; path = Images.xcassets; sourceTree = "<group>"; };
		065C8CC91AE07E2A00B33F24 /* Base */ = {isa = PBXFileReference; lastKnownFileType = file.xib; name = Base; path = Base.lproj/LaunchScreen.xib; sourceTree = "<group>"; };
		065C8CCF1AE07E2A00B33F24 /* Game-Of-LifeTests.xctest */ = {isa = PBXFileReference; explicitFileType = wrapper.cfbundle; includeInIndex = 0; path = "Game-Of-LifeTests.xctest"; sourceTree = BUILT_PRODUCTS_DIR; };
		065C8CD41AE07E2A00B33F24 /* Info.plist */ = {isa = PBXFileReference; lastKnownFileType = text.plist.xml; path = Info.plist; sourceTree = "<group>"; };
		065C8CD51AE07E2A00B33F24 /* Game_Of_LifeTests.m */ = {isa = PBXFileReference; lastKnownFileType = sourcecode.c.objc; path = Game_Of_LifeTests.m; sourceTree = "<group>"; };
/* End PBXFileReference section */

/* Begin PBXFrameworksBuildPhase section */
		065C8CB31AE07E2A00B33F24 /* Frameworks */ = {
			isa = PBXFrameworksBuildPhase;
			buildActionMask = 2147483647;
			files = (
			);
			runOnlyForDeploymentPostprocessing = 0;
		};
		065C8CCC1AE07E2A00B33F24 /* Frameworks */ = {
			isa = PBXFrameworksBuildPhase;
			buildActionMask = 2147483647;
			files = (
			);
			runOnlyForDeploymentPostprocessing = 0;
		};
/* End PBXFrameworksBuildPhase section */

/* Begin PBXGroup section */
		065C8CAD1AE07E2A00B33F24 = {
			isa = PBXGroup;
			children = (
				065C8CB81AE07E2A00B33F24 /* Game-Of-Life */,
				065C8CD21AE07E2A00B33F24 /* Game-Of-LifeTests */,
				065C8CB71AE07E2A00B33F24 /* Products */,
			);
			sourceTree = "<group>";
		};
		065C8CB71AE07E2A00B33F24 /* Products */ = {
			isa = PBXGroup;
			children = (
				065C8CB61AE07E2A00B33F24 /* Game-Of-Life.app */,
				065C8CCF1AE07E2A00B33F24 /* Game-Of-LifeTests.xctest */,
			);
			name = Products;
			sourceTree = "<group>";
		};
		065C8CB81AE07E2A00B33F24 /* Game-Of-Life */ = {
			isa = PBXGroup;
			children = (
				065C8CBD1AE07E2A00B33F24 /* AppDelegate.h */,
				065C8CBE1AE07E2A00B33F24 /* AppDelegate.m */,
				065C8CC01AE07E2A00B33F24 /* ViewController.h */,
				065C8CC11AE07E2A00B33F24 /* ViewController.m */,
				065C8CC31AE07E2A00B33F24 /* Main.storyboard */,
				065C8CC61AE07E2A00B33F24 /* Images.xcassets */,
				065C8CC81AE07E2A00B33F24 /* LaunchScreen.xib */,
				065C8CB91AE07E2A00B33F24 /* Supporting Files */,
			);
			path = "Game-Of-Life";
			sourceTree = "<group>";
		};
		065C8CB91AE07E2A00B33F24 /* Supporting Files */ = {
			isa = PBXGroup;
			children = (
				065C8CBA1AE07E2A00B33F24 /* Info.plist */,
				065C8CBB1AE07E2A00B33F24 /* main.m */,
			);
			name = "Supporting Files";
			sourceTree = "<group>";
		};
		065C8CD21AE07E2A00B33F24 /* Game-Of-LifeTests */ = {
			isa = PBXGroup;
			children = (
				065C8CD51AE07E2A00B33F24 /* Game_Of_LifeTests.m */,
				065C8CD31AE07E2A00B33F24 /* Supporting Files */,
			);
			path = "Game-Of-LifeTests";
			sourceTree = "<group>";
		};
		065C8CD31AE07E2A00B33F24 /* Supporting Files */ = {
			isa = PBXGroup;
			children = (
				065C8CD41AE07E2A00B33F24 /* Info.plist */,
			);
			name = "Supporting Files";
			sourceTree = "<group>";
		};
/* End PBXGroup section */

/* Begin PBXNativeTarget section */
		065C8CB51AE07E2A00B33F24 /* Game-Of-Life */ = {
			isa = PBXNativeTarget;
			buildConfigurationList = 065C8CD91AE07E2A00B33F24 /* Build configuration list for PBXNativeTarget "Game-Of-Life" */;
			buildPhases = (
				065C8CB21AE07E2A00B33F24 /* Sources */,
				065C8CB31AE07E2A00B33F24 /* Frameworks */,
				065C8CB41AE07E2A00B33F24 /* Resources */,
			);
			buildRules = (
			);
			dependencies = (
			);
			name = "Game-Of-Life";
			productName = "Game-Of-Life";
			productReference = 065C8CB61AE07E2A00B33F24 /* Game-Of-Life.app */;
			productType = "com.apple.product-type.application";
		};
		065C8CCE1AE07E2A00B33F24 /* Game-Of-LifeTests */ = {
			isa = PBXNativeTarget;
			buildConfigurationList = 065C8CDC1AE07E2A00B33F24 /* Build configuration list for PBXNativeTarget "Game-Of-LifeTests" */;
			buildPhases = (
				065C8CCB1AE07E2A00B33F24 /* Sources */,
				065C8CCC1AE07E2A00B33F24 /* Frameworks */,
				065C8CCD1AE07E2A00B33F24 /* Resources */,
			);
			buildRules = (
			);
			dependencies = (
				065C8CD11AE07E2A00B33F24 /* PBXTargetDependency */,
			);
			name = "Game-Of-LifeTests";
			productName = "Game-Of-LifeTests";
			productReference = 065C8CCF1AE07E2A00B33F24 /* Game-Of-LifeTests.xctest */;
			productType = "com.apple.product-type.bundle.unit-test";
		};
/* End PBXNativeTarget section */

/* Begin PBXProject section */
		065C8CAE1AE07E2A00B33F24 /* Project object */ = {
			isa = PBXProject;
			attributes = {
				LastUpgradeCheck = 0630;
				ORGANIZATIONNAME = "Bartlomiej Guminiak";
				TargetAttributes = {
					065C8CB51AE07E2A00B33F24 = {
						CreatedOnToolsVersion = 6.3;
					};
					065C8CCE1AE07E2A00B33F24 = {
						CreatedOnToolsVersion = 6.3;
						TestTargetID = 065C8CB51AE07E2A00B33F24;
					};
				};
			};
			buildConfigurationList = 065C8CB11AE07E2A00B33F24 /* Build configuration list for PBXProject "Game-Of-Life" */;
			compatibilityVersion = "Xcode 3.2";
			developmentRegion = English;
			hasScannedForEncodings = 0;
			knownRegions = (
				en,
				Base,
			);
			mainGroup = 065C8CAD1AE07E2A00B33F24;
			productRefGroup = 065C8CB71AE07E2A00B33F24 /* Products */;
			projectDirPath = "";
			projectRoot = "";
			targets = (
				065C8CB51AE07E2A00B33F24 /* Game-Of-Life */,
				065C8CCE1AE07E2A00B33F24 /* Game-Of-LifeTests */,
			);
		};
/* End PBXProject section */

/* Begin PBXResourcesBuildPhase section */
		065C8CB41AE07E2A00B33F24 /* Resources */ = {
			isa = PBXResourcesBuildPhase;
			buildActionMask = 2147483647;
			files = (
				065C8CC51AE07E2A00B33F24 /* Main.storyboard in Resources */,
				065C8CCA1AE07E2A00B33F24 /* LaunchScreen.xib in Resources */,
				065C8CC71AE07E2A00B33F24 /* Images.xcassets in Resources */,
			);
			runOnlyForDeploymentPostprocessing = 0;
		};
		065C8CCD1AE07E2A00B33F24 /* Resources */ = {
			isa = PBXResourcesBuildPhase;
			buildActionMask = 2147483647;
			files = (
			);
			runOnlyForDeploymentPostprocessing = 0;
		};
/* End PBXResourcesBuildPhase section */

/* Begin PBXSourcesBuildPhase section */
		065C8CB21AE07E2A00B33F24 /* Sources */ = {
			isa = PBXSourcesBuildPhase;
			buildActionMask = 2147483647;
			files = (
				065C8CC21AE07E2A00B33F24 /* ViewController.m in Sources */,
				065C8CBF1AE07E2A00B33F24 /* AppDelegate.m in Sources */,
				065C8CBC1AE07E2A00B33F24 /* main.m in Sources */,
			);
			runOnlyForDeploymentPostprocessing = 0;
		};
		065C8CCB1AE07E2A00B33F24 /* Sources */ = {
			isa = PBXSourcesBuildPhase;
			buildActionMask = 2147483647;
			files = (
				065C8CD61AE07E2A00B33F24 /* Game_Of_LifeTests.m in Sources */,
			);
			runOnlyForDeploymentPostprocessing = 0;
		};
/* End PBXSourcesBuildPhase section */

/* Begin PBXTargetDependency section */
		065C8CD11AE07E2A00B33F24 /* PBXTargetDependency */ = {
			isa = PBXTargetDependency;
			target = 065C8CB51AE07E2A00B33F24 /* Game-Of-Life */;
			targetProxy = 065C8CD01AE07E2A00B33F24 /* PBXContainerItemProxy */;
		};
/* End PBXTargetDependency section */

/* Begin PBXVariantGroup section */
		065C8CC31AE07E2A00B33F24 /* Main.storyboard */ = {
			isa = PBXVariantGroup;
			children = (
				065C8CC41AE07E2A00B33F24 /* Base */,
			);
			name = Main.storyboard;
			sourceTree = "<group>";
		};
		065C8CC81AE07E2A00B33F24 /* LaunchScreen.xib */ = {
			isa = PBXVariantGroup;
			children = (
				065C8CC91AE07E2A00B33F24 /* Base */,
			);
			name = LaunchScreen.xib;
			sourceTree = "<group>";
		};
/* End PBXVariantGroup section */

/* Begin XCBuildConfiguration section */
		065C8CD71AE07E2A00B33F24 /* Debug */ = {
			isa = XCBuildConfiguration;
			buildSettings = {
				ALWAYS_SEARCH_USER_PATHS = NO;
				CLANG_CXX_LANGUAGE_STANDARD = "gnu++0x";
				CLANG_CXX_LIBRARY = "libc++";
				CLANG_ENABLE_MODULES = YES;
				CLANG_ENABLE_OBJC_ARC = YES;
				CLANG_WARN_BOOL_CONVERSION = YES;
				CLANG_WARN_CONSTANT_CONVERSION = YES;
				CLANG_WARN_DIRECT_OBJC_ISA_USAGE = YES_ERROR;
				CLANG_WARN_EMPTY_BODY = YES;
				CLANG_WARN_ENUM_CONVERSION = YES;
				CLANG_WARN_INT_CONVERSION = YES;
				CLANG_WARN_OBJC_ROOT_CLASS = YES_ERROR;
				CLANG_WARN_UNREACHABLE_CODE = YES;
				CLANG_WARN__DUPLICATE_METHOD_MATCH = YES;
				"CODE_SIGN_IDENTITY[sdk=iphoneos*]" = "iPhone Developer";
				COPY_PHASE_STRIP = NO;
				DEBUG_INFORMATION_FORMAT = "dwarf-with-dsym";
				ENABLE_STRICT_OBJC_MSGSEND = YES;
				GCC_C_LANGUAGE_STANDARD = gnu99;
				GCC_DYNAMIC_NO_PIC = NO;
				GCC_NO_COMMON_BLOCKS = YES;
				GCC_OPTIMIZATION_LEVEL = 0;
				GCC_PREPROCESSOR_DEFINITIONS = (
					"DEBUG=1",
					"$(inherited)",
				);
				GCC_SYMBOLS_PRIVATE_EXTERN = NO;
				GCC_WARN_64_TO_32_BIT_CONVERSION = YES;
				GCC_WARN_ABOUT_RETURN_TYPE = YES_ERROR;
				GCC_WARN_UNDECLARED_SELECTOR = YES;
				GCC_WARN_UNINITIALIZED_AUTOS = YES_AGGRESSIVE;
				GCC_WARN_UNUSED_FUNCTION = YES;
				GCC_WARN_UNUSED_VARIABLE = YES;
				IPHONEOS_DEPLOYMENT_TARGET = 8.3;
				MTL_ENABLE_DEBUG_INFO = YES;
				ONLY_ACTIVE_ARCH = YES;
				SDKROOT = iphoneos;
				TARGETED_DEVICE_FAMILY = "1,2";
			};
			name = Debug;
		};
		065C8CD81AE07E2A00B33F24 /* Release */ = {
			isa = XCBuildConfiguration;
			buildSettings = {
				ALWAYS_SEARCH_USER_PATHS = NO;
				CLANG_CXX_LANGUAGE_STANDARD = "gnu++0x";
				CLANG_CXX_LIBRARY = "libc++";
				CLANG_ENABLE_MODULES = YES;
				CLANG_ENABLE_OBJC_ARC = YES;
				CLANG_WARN_BOOL_CONVERSION = YES;
				CLANG_WARN_CONSTANT_CONVERSION = YES;
				CLANG_WARN_DIRECT_OBJC_ISA_USAGE = YES_ERROR;
				CLANG_WARN_EMPTY_BODY = YES;
				CLANG_WARN_ENUM_CONVERSION = YES;
				CLANG_WARN_INT_CONVERSION = YES;
				CLANG_WARN_OBJC_ROOT_CLASS = YES_ERROR;
				CLANG_WARN_UNREACHABLE_CODE = YES;
				CLANG_WARN__DUPLICATE_METHOD_MATCH = YES;
				"CODE_SIGN_IDENTITY[sdk=iphoneos*]" = "iPhone Developer";
				COPY_PHASE_STRIP = NO;
				DEBUG_INFORMATION_FORMAT = "dwarf-with-dsym";
				ENABLE_NS_ASSERTIONS = NO;
				ENABLE_STRICT_OBJC_MSGSEND = YES;
				GCC_C_LANGUAGE_STANDARD = gnu99;
				GCC_NO_COMMON_BLOCKS = YES;
				GCC_WARN_64_TO_32_BIT_CONVERSION = YES;
				GCC_WARN_ABOUT_RETURN_TYPE = YES_ERROR;
				GCC_WARN_UNDECLARED_SELECTOR = YES;
				GCC_WARN_UNINITIALIZED_AUTOS = YES_AGGRESSIVE;
				GCC_WARN_UNUSED_FUNCTION = YES;
				GCC_WARN_UNUSED_VARIABLE = YES;
				IPHONEOS_DEPLOYMENT_TARGET = 8.3;
				MTL_ENABLE_DEBUG_INFO = NO;
				SDKROOT = iphoneos;
				TARGETED_DEVICE_FAMILY = "1,2";
				VALIDATE_PRODUCT = YES;
			};
			name = Release;
		};
		065C8CDA1AE07E2A00B33F24 /* Debug */ = {
			isa = XCBuildConfiguration;
			buildSettings = {
				ASSETCATALOG_COMPILER_APPICON_NAME = AppIcon;
				INFOPLIST_FILE = "Game-Of-Life/Info.plist";
				LD_RUNPATH_SEARCH_PATHS = "$(inherited) @executable_path/Frameworks";
				PRODUCT_NAME = "$(TARGET_NAME)";
			};
			name = Debug;
		};
		065C8CDB1AE07E2A00B33F24 /* Release */ = {
			isa = XCBuildConfiguration;
			buildSettings = {
				ASSETCATALOG_COMPILER_APPICON_NAME = AppIcon;
				INFOPLIST_FILE = "Game-Of-Life/Info.plist";
				LD_RUNPATH_SEARCH_PATHS = "$(inherited) @executable_path/Frameworks";
				PRODUCT_NAME = "$(TARGET_NAME)";
			};
			name = Release;
		};
		065C8CDD1AE07E2A00B33F24 /* Debug */ = {
			isa = XCBuildConfiguration;
			buildSettings = {
				BUNDLE_LOADER = "$(TEST_HOST)";
				FRAMEWORK_SEARCH_PATHS = (
					"$(SDKROOT)/Developer/Library/Frameworks",
					"$(inherited)",
				);
				GCC_PREPROCESSOR_DEFINITIONS = (
					"DEBUG=1",
					"$(inherited)",
				);
				INFOPLIST_FILE = "Game-Of-LifeTests/Info.plist";
				LD_RUNPATH_SEARCH_PATHS = "$(inherited) @executable_path/Frameworks @loader_path/Frameworks";
				PRODUCT_NAME = "$(TARGET_NAME)";
				TEST_HOST = "$(BUILT_PRODUCTS_DIR)/Game-Of-Life.app/Game-Of-Life";
			};
			name = Debug;
		};
		065C8CDE1AE07E2A00B33F24 /* Release */ = {
			isa = XCBuildConfiguration;
			buildSettings = {
				BUNDLE_LOADER = "$(TEST_HOST)";
				FRAMEWORK_SEARCH_PATHS = (
					"$(SDKROOT)/Developer/Library/Frameworks",
					"$(inherited)",
				);
				INFOPLIST_FILE = "Game-Of-LifeTests/Info.plist";
				LD_RUNPATH_SEARCH_PATHS = "$(inherited) @executable_path/Frameworks @loader_path/Frameworks";
				PRODUCT_NAME = "$(TARGET_NAME)";
				TEST_HOST = "$(BUILT_PRODUCTS_DIR)/Game-Of-Life.app/Game-Of-Life";
			};
			name = Release;
		};
/* End XCBuildConfiguration section */

/* Begin XCConfigurationList section */
		065C8CB11AE07E2A00B33F24 /* Build configuration list for PBXProject "Game-Of-Life" */ = {
			isa = XCConfigurationList;
			buildConfigurations = (
				065C8CD71AE07E2A00B33F24 /* Debug */,
				065C8CD81AE07E2A00B33F24 /* Release */,
			);
			defaultConfigurationIsVisible = 0;
			defaultConfigurationName = Release;
		};
		065C8CD91AE07E2A00B33F24 /* Build configuration list for PBXNativeTarget "Game-Of-Life" */ = {
			isa = XCConfigurationList;
			buildConfigurations = (
				065C8CDA1AE07E2A00B33F24 /* Debug */,
				065C8CDB1AE07E2A00B33F24 /* Release */,
			);
			defaultConfigurationIsVisible = 0;
		};
		065C8CDC1AE07E2A00B33F24 /* Build configuration list for PBXNativeTarget "Game-Of-LifeTests" */ = {
			isa = XCConfigurationList;
			buildConfigurations = (
				065C8CDD1AE07E2A00B33F24 /* Debug */,
				065C8CDE1AE07E2A00B33F24 /* Release */,
			);
			defaultConfigurationIsVisible = 0;
		};
/* End XCConfigurationList section */
	};
	rootObject = 065C8CAE1AE07E2A00B33F24 /* Project object */;
}
